{
  "requires": true,
  "lockfileVersion": 1,
  "dependencies": {
    "ngx-color-picker": {
      "version": "10.0.1",
      "resolved": "https://registry.npmjs.org/ngx-color-picker/-/ngx-color-picker-10.0.1.tgz",
      "integrity": "sha512-HlF+pWCmIEEaqs8n0pjTI0u1gLcCcT4Icay1JUwJRD2WJ4vyZiyDDzpnSRk6nkfdRAZp3ch40pEuZa+VlYOUTg==",
      "requires": {
        "tslib": "^2.0.0"
      }
    },
    "tslib": {
      "version": "2.0.1",
      "resolved": "https://registry.npmjs.org/tslib/-/tslib-2.0.1.tgz",
      "integrity": "sha512-SgIkNheinmEBgx1IUNirK0TUD4X9yjjBRTqqjggWCU3pUEqIk3/Uwl3yRixYKT6WjQuGiwDv4NomL3wqRCj+CQ=="
    }
  }
}
